
Microsoft Visual Studio Solution File, Format Version 12.00
# Visual Studio 2013
VisualStudioVersion = 12.0.30501.0
MinimumVisualStudioVersion = 10.0.40219.1
Project("{FAE04EC0-301F-11D3-BF4B-00C04F79EFBC}") = "Panasia.Gemini.Web", "Panasia.Gemini.Web\Panasia.Gemini.Web.csproj", "{F82C812A-AFD6-40A2-8F87-177C1CBDDA56}"
EndProject
Project("{FAE04EC0-301F-11D3-BF4B-00C04F79EFBC}") = "Panasia.Core.Auth", "Panasia.Core.Auth\Panasia.Core.Auth.csproj", "{D49001AA-8E3A-4324-B135-C62093F3C8DB}"
EndProject
Project("{2150E333-8FDC-42A3-9474-1A3956D46DE8}") = "Core", "Core", "{2D1F6052-8E24-41D6-BD6A-BA52AAF31B52}"
EndProject
Project("{FAE04EC0-301F-11D3-BF4B-00C04F79EFBC}") = "Panasia.Core.Web", "Panasia.Core.Web\Panasia.Core.Web.csproj", "{1F6515E3-2027-40E9-A847-3EE045DF93E1}"
EndProject
Project("{FAE04EC0-301F-11D3-BF4B-00C04F79EFBC}") = "Documents", "Documents\Documents.csproj", "{E06A969A-9CCC-4484-B76E-77E622135E26}"
EndProject
Project("{2150E333-8FDC-42A3-9474-1A3956D46DE8}") = "Accessories", "Accessories", "{DC1581EC-3E98-46E0-AF29-151B077357C0}"
EndProject
Project("{FAE04EC0-301F-11D3-BF4B-00C04F79EFBC}") = "ConfigTools", "ConfigTools\ConfigTools.csproj", "{27223D17-AC36-44E6-AEAA-51A34A706937}"
EndProject
Project("{FAE04EC0-301F-11D3-BF4B-00C04F79EFBC}") = "Panasia.Core.Web.WpfUI", "Panasia.Core.Web.WpfUI\Panasia.Core.Web.WpfUI.csproj", "{9FD3208D-3154-4AB6-BBD7-C7CAF3C4BEF8}"
EndProject
Project("{FAE04EC0-301F-11D3-BF4B-00C04F79EFBC}") = "Panasia.Core.Sys", "Panasia.Core.Sys\Panasia.Core.Sys.csproj", "{7AB5D907-1667-4D26-9A29-2EE2FB3E4C20}"
EndProject
Project("{2150E333-8FDC-42A3-9474-1A3956D46DE8}") = "FL", "FL", "{BCE5933C-4262-4F7E-8A91-083E3471A738}"
EndProject
Project("{FAE04EC0-301F-11D3-BF4B-00C04F79EFBC}") = "Panasia.Gemini.FL.Data", "Panasia.Gemini.FL.Data\Panasia.Gemini.FL.Data.csproj", "{2D45FAA4-3DD7-4BE3-BBA9-92068D83E46C}"
EndProject
Project("{FAE04EC0-301F-11D3-BF4B-00C04F79EFBC}") = "Panasia.Gemini.FL", "Panasia.Gemini.FL\Panasia.Gemini.FL.csproj", "{556E8830-F9B3-4BF8-B0F1-0D9FD8C0E594}"
EndProject
Project("{FAE04EC0-301F-11D3-BF4B-00C04F79EFBC}") = "Panasia.Core.AppTest", "Panasia.Core.AppTest\Panasia.Core.AppTest.csproj", "{05989C36-EC03-44DD-990A-291E01C845AA}"
EndProject
Project("{FAE04EC0-301F-11D3-BF4B-00C04F79EFBC}") = "Panasia.Core.Web.Test", "Panasia.Core.Web.Test\Panasia.Core.Web.Test.csproj", "{6BFE8091-60A1-4F51-8231-9B708D3D1957}"
EndProject
Project("{FAE04EC0-301F-11D3-BF4B-00C04F79EFBC}") = "Panasia.Core.Email", "Panasia.Core.Email\Panasia.Core.Email.csproj", "{95165864-2DDF-4EC3-9114-F6CFA272D329}"
EndProject
Project("{FAE04EC0-301F-11D3-BF4B-00C04F79EFBC}") = "Panasia.Core.Contents", "Panasia.Core.Contents\Panasia.Core.Contents.csproj", "{DE331D77-5EE0-4560-AE1B-DA046C5218A6}"
EndProject
Global
	GlobalSection(TeamFoundationVersionControl) = preSolution
		SccNumberOfProjects = 14
		SccEnterpriseProvider = {4CA58AB2-18FA-4F8D-95D4-32DDF27D184C}
		SccTeamFoundationServer = http://10.1.15.235:8080/tfs/defaultcollection
		SccLocalPath0 = .
		SccProjectUniqueName1 = Panasia.Gemini.Web\\Panasia.Gemini.Web.csproj
		SccProjectName1 = Panasia.Gemini.Web
		SccLocalPath1 = Panasia.Gemini.Web
		SccProjectUniqueName2 = Panasia.Core.Auth\\Panasia.Core.Auth.csproj
		SccProjectTopLevelParentUniqueName2 = Panasia.Gemini.sln
		SccProjectName2 = Panasia.Core.Auth
		SccLocalPath2 = Panasia.Core.Auth
		SccProjectUniqueName3 = Panasia.Core.Web\\Panasia.Core.Web.csproj
		SccProjectTopLevelParentUniqueName3 = Panasia.Gemini.sln
		SccProjectName3 = Panasia.Core.Web
		SccLocalPath3 = Panasia.Core.Web
		SccProjectUniqueName4 = Documents\\Documents.csproj
		SccProjectTopLevelParentUniqueName4 = Panasia.Gemini.sln
		SccProjectName4 = Documents
		SccLocalPath4 = Documents
		SccProjectUniqueName5 = ConfigTools\\ConfigTools.csproj
		SccProjectTopLevelParentUniqueName5 = Panasia.Gemini.sln
		SccProjectName5 = ConfigTools
		SccLocalPath5 = ConfigTools
		SccProjectUniqueName6 = Panasia.Core.Web.WpfUI\\Panasia.Core.Web.WpfUI.csproj
		SccProjectTopLevelParentUniqueName6 = Panasia.Gemini.sln
		SccProjectName6 = Panasia.Core.Web.WpfUI
		SccLocalPath6 = Panasia.Core.Web.WpfUI
		SccProjectUniqueName7 = Panasia.Core.Sys\\Panasia.Core.Sys.csproj
		SccProjectTopLevelParentUniqueName7 = Panasia.Gemini.sln
		SccProjectName7 = Panasia.Core.Sys
		SccLocalPath7 = Panasia.Core.Sys
		SccProjectUniqueName8 = Panasia.Gemini.FL.Data\\Panasia.Gemini.FL.Data.csproj
		SccProjectTopLevelParentUniqueName8 = Panasia.Gemini.sln
		SccProjectName8 = Panasia.Gemini.FL.Data
		SccLocalPath8 = Panasia.Gemini.FL.Data
		SccProjectUniqueName9 = Panasia.Gemini.FL\\Panasia.Gemini.FL.csproj
		SccProjectTopLevelParentUniqueName9 = Panasia.Gemini.sln
		SccProjectName9 = Panasia.Gemini.FL
		SccLocalPath9 = Panasia.Gemini.FL
		SccProjectUniqueName10 = Panasia.Core.AppTest\\Panasia.Core.AppTest.csproj
		SccProjectTopLevelParentUniqueName10 = Panasia.Gemini.sln
		SccProjectName10 = Panasia.Core.AppTest
		SccLocalPath10 = Panasia.Core.AppTest
		SccProjectUniqueName11 = Panasia.Core.Web.Test\\Panasia.Core.Web.Test.csproj
		SccProjectTopLevelParentUniqueName11 = Panasia.Gemini.sln
		SccProjectName11 = Panasia.Core.Web.Test
		SccLocalPath11 = Panasia.Core.Web.Test
		SccProjectUniqueName12 = Panasia.Core.Email\\Panasia.Core.Email.csproj
		SccProjectTopLevelParentUniqueName12 = Panasia.Gemini.sln
		SccProjectName12 = Panasia.Core.Email
		SccLocalPath12 = Panasia.Core.Email
		SccProjectUniqueName13 = Panasia.Core.Contents\\Panasia.Core.Contents.csproj
		SccProjectTopLevelParentUniqueName13 = Panasia.Gemini.sln
		SccProjectName13 = Panasia.Core.Contents
		SccLocalPath13 = Panasia.Core.Contents
	EndGlobalSection
	GlobalSection(SolutionConfigurationPlatforms) = preSolution
		Debug|Any CPU = Debug|Any CPU
		Release|Any CPU = Release|Any CPU
	EndGlobalSection
	GlobalSection(ProjectConfigurationPlatforms) = postSolution
		{F82C812A-AFD6-40A2-8F87-177C1CBDDA56}.Debug|Any CPU.ActiveCfg = Debug|Any CPU
		{F82C812A-AFD6-40A2-8F87-177C1CBDDA56}.Debug|Any CPU.Build.0 = Debug|Any CPU
		{F82C812A-AFD6-40A2-8F87-177C1CBDDA56}.Release|Any CPU.ActiveCfg = Release|Any CPU
		{F82C812A-AFD6-40A2-8F87-177C1CBDDA56}.Release|Any CPU.Build.0 = Release|Any CPU
		{D49001AA-8E3A-4324-B135-C62093F3C8DB}.Debug|Any CPU.ActiveCfg = Debug|Any CPU
		{D49001AA-8E3A-4324-B135-C62093F3C8DB}.Debug|Any CPU.Build.0 = Debug|Any CPU
		{D49001AA-8E3A-4324-B135-C62093F3C8DB}.Release|Any CPU.ActiveCfg = Release|Any CPU
		{D49001AA-8E3A-4324-B135-C62093F3C8DB}.Release|Any CPU.Build.0 = Release|Any CPU
		{1F6515E3-2027-40E9-A847-3EE045DF93E1}.Debug|Any CPU.ActiveCfg = Debug|Any CPU
		{1F6515E3-2027-40E9-A847-3EE045DF93E1}.Debug|Any CPU.Build.0 = Debug|Any CPU
		{1F6515E3-2027-40E9-A847-3EE045DF93E1}.Release|Any CPU.ActiveCfg = Release|Any CPU
		{1F6515E3-2027-40E9-A847-3EE045DF93E1}.Release|Any CPU.Build.0 = Release|Any CPU
		{E06A969A-9CCC-4484-B76E-77E622135E26}.Debug|Any CPU.ActiveCfg = Debug|Any CPU
		{E06A969A-9CCC-4484-B76E-77E622135E26}.Release|Any CPU.ActiveCfg = Release|Any CPU
		{E06A969A-9CCC-4484-B76E-77E622135E26}.Release|Any CPU.Build.0 = Release|Any CPU
		{27223D17-AC36-44E6-AEAA-51A34A706937}.Debug|Any CPU.ActiveCfg = Debug|Any CPU
		{27223D17-AC36-44E6-AEAA-51A34A706937}.Release|Any CPU.ActiveCfg = Release|Any CPU
		{27223D17-AC36-44E6-AEAA-51A34A706937}.Release|Any CPU.Build.0 = Release|Any CPU
		{9FD3208D-3154-4AB6-BBD7-C7CAF3C4BEF8}.Debug|Any CPU.ActiveCfg = Debug|Any CPU
		{9FD3208D-3154-4AB6-BBD7-C7CAF3C4BEF8}.Release|Any CPU.ActiveCfg = Release|Any CPU
		{9FD3208D-3154-4AB6-BBD7-C7CAF3C4BEF8}.Release|Any CPU.Build.0 = Release|Any CPU
		{7AB5D907-1667-4D26-9A29-2EE2FB3E4C20}.Debug|Any CPU.ActiveCfg = Debug|Any CPU
		{7AB5D907-1667-4D26-9A29-2EE2FB3E4C20}.Debug|Any CPU.Build.0 = Debug|Any CPU
		{7AB5D907-1667-4D26-9A29-2EE2FB3E4C20}.Release|Any CPU.ActiveCfg = Release|Any CPU
		{7AB5D907-1667-4D26-9A29-2EE2FB3E4C20}.Release|Any CPU.Build.0 = Release|Any CPU
		{2D45FAA4-3DD7-4BE3-BBA9-92068D83E46C}.Debug|Any CPU.ActiveCfg = Debug|Any CPU
		{2D45FAA4-3DD7-4BE3-BBA9-92068D83E46C}.Release|Any CPU.ActiveCfg = Release|Any CPU
		{2D45FAA4-3DD7-4BE3-BBA9-92068D83E46C}.Release|Any CPU.Build.0 = Release|Any CPU
		{556E8830-F9B3-4BF8-B0F1-0D9FD8C0E594}.Debug|Any CPU.ActiveCfg = Debug|Any CPU
		{556E8830-F9B3-4BF8-B0F1-0D9FD8C0E594}.Release|Any CPU.ActiveCfg = Release|Any CPU
		{556E8830-F9B3-4BF8-B0F1-0D9FD8C0E594}.Release|Any CPU.Build.0 = Release|Any CPU
		{05989C36-EC03-44DD-990A-291E01C845AA}.Debug|Any CPU.ActiveCfg = Debug|Any CPU
		{05989C36-EC03-44DD-990A-291E01C845AA}.Debug|Any CPU.Build.0 = Debug|Any CPU
		{05989C36-EC03-44DD-990A-291E01C845AA}.Release|Any CPU.ActiveCfg = Release|Any CPU
		{05989C36-EC03-44DD-990A-291E01C845AA}.Release|Any CPU.Build.0 = Release|Any CPU
		{6BFE8091-60A1-4F51-8231-9B708D3D1957}.Debug|Any CPU.ActiveCfg = Debug|Any CPU
		{6BFE8091-60A1-4F51-8231-9B708D3D1957}.Debug|Any CPU.Build.0 = Debug|Any CPU
		{6BFE8091-60A1-4F51-8231-9B708D3D1957}.Release|Any CPU.ActiveCfg = Release|Any CPU
		{6BFE8091-60A1-4F51-8231-9B708D3D1957}.Release|Any CPU.Build.0 = Release|Any CPU
		{95165864-2DDF-4EC3-9114-F6CFA272D329}.Debug|Any CPU.ActiveCfg = Debug|Any CPU
		{95165864-2DDF-4EC3-9114-F6CFA272D329}.Debug|Any CPU.Build.0 = Debug|Any CPU
		{95165864-2DDF-4EC3-9114-F6CFA272D329}.Release|Any CPU.ActiveCfg = Release|Any CPU
		{95165864-2DDF-4EC3-9114-F6CFA272D329}.Release|Any CPU.Build.0 = Release|Any CPU
		{DE331D77-5EE0-4560-AE1B-DA046C5218A6}.Debug|Any CPU.ActiveCfg = Debug|Any CPU
		{DE331D77-5EE0-4560-AE1B-DA046C5218A6}.Debug|Any CPU.Build.0 = Debug|Any CPU
		{DE331D77-5EE0-4560-AE1B-DA046C5218A6}.Release|Any CPU.ActiveCfg = Release|Any CPU
		{DE331D77-5EE0-4560-AE1B-DA046C5218A6}.Release|Any CPU.Build.0 = Release|Any CPU
	EndGlobalSection
	GlobalSection(SolutionProperties) = preSolution
		HideSolutionNode = FALSE
	EndGlobalSection
	GlobalSection(NestedProjects) = preSolution
		{D49001AA-8E3A-4324-B135-C62093F3C8DB} = {2D1F6052-8E24-41D6-BD6A-BA52AAF31B52}
		{1F6515E3-2027-40E9-A847-3EE045DF93E1} = {2D1F6052-8E24-41D6-BD6A-BA52AAF31B52}
		{E06A969A-9CCC-4484-B76E-77E622135E26} = {DC1581EC-3E98-46E0-AF29-151B077357C0}
		{27223D17-AC36-44E6-AEAA-51A34A706937} = {DC1581EC-3E98-46E0-AF29-151B077357C0}
		{9FD3208D-3154-4AB6-BBD7-C7CAF3C4BEF8} = {DC1581EC-3E98-46E0-AF29-151B077357C0}
		{7AB5D907-1667-4D26-9A29-2EE2FB3E4C20} = {2D1F6052-8E24-41D6-BD6A-BA52AAF31B52}
		{2D45FAA4-3DD7-4BE3-BBA9-92068D83E46C} = {BCE5933C-4262-4F7E-8A91-083E3471A738}
		{556E8830-F9B3-4BF8-B0F1-0D9FD8C0E594} = {BCE5933C-4262-4F7E-8A91-083E3471A738}
		{05989C36-EC03-44DD-990A-291E01C845AA} = {DC1581EC-3E98-46E0-AF29-151B077357C0}
		{6BFE8091-60A1-4F51-8231-9B708D3D1957} = {2D1F6052-8E24-41D6-BD6A-BA52AAF31B52}
		{95165864-2DDF-4EC3-9114-F6CFA272D329} = {2D1F6052-8E24-41D6-BD6A-BA52AAF31B52}
		{DE331D77-5EE0-4560-AE1B-DA046C5218A6} = {2D1F6052-8E24-41D6-BD6A-BA52AAF31B52}
	EndGlobalSection
EndGlobal
